
Microsoft Visual Studio Solution File, Format Version 12.00
# 
Project("{FAE04EC0-301F-11D3-BF4B-00C04F79EFBC}") = "CleanArchitectureTemplate.Api", "CleanArchitectureTemplate.Api\CleanArchitectureTemplate.Api.csproj", "{CA994DC8-7E72-4ED8-8B11-5E26DCAC539D}"
EndProject
Project("{FAE04EC0-301F-11D3-BF4B-00C04F79EFBC}") = "CleanArchitectureTemplate.Application", "CleanArchitectureTemplate.Application\CleanArchitectureTemplate.Application.csproj", "{EFDDAF4B-EC01-4EA7-8490-66DE21195805}"
EndProject
Project("{FAE04EC0-301F-11D3-BF4B-00C04F79EFBC}") = "CleanArchitectureTemplate.Contracts", "CleanArchitectureTemplate.Contracts\CleanArchitectureTemplate.Contracts.csproj", "{C35D411B-6705-4FEB-8CBB-EE8839458340}"
EndProject
Project("{FAE04EC0-301F-11D3-BF4B-00C04F79EFBC}") = "CleanArchitectureTemplate.Domain", "CleanArchitectureTemplate.Domain\CleanArchitectureTemplate.Domain.csproj", "{88766B40-BEA9-46F2-B29D-B65E970744F7}"
EndProject
Project("{FAE04EC0-301F-11D3-BF4B-00C04F79EFBC}") = "CleanArchitectureTemplate.Infrastructure", "CleanArchitectureTemplate.Infrastructure\CleanArchitectureTemplate.Infrastructure.csproj", "{BD868BAC-7A9A-4146-9986-F6213EE8BF4B}"
EndProject
Global
	GlobalSection(SolutionConfigurationPlatforms) = preSolution
		Debug|Any CPU = Debug|Any CPU
		Release|Any CPU = Release|Any CPU
	EndGlobalSection
	GlobalSection(ProjectConfigurationPlatforms) = postSolution
		{CA994DC8-7E72-4ED8-8B11-5E26DCAC539D}.Debug|Any CPU.ActiveCfg = Debug|Any CPU
		{CA994DC8-7E72-4ED8-8B11-5E26DCAC539D}.Debug|Any CPU.Build.0 = Debug|Any CPU
		{CA994DC8-7E72-4ED8-8B11-5E26DCAC539D}.Release|Any CPU.ActiveCfg = Release|Any CPU
		{CA994DC8-7E72-4ED8-8B11-5E26DCAC539D}.Release|Any CPU.Build.0 = Release|Any CPU
		{EFDDAF4B-EC01-4EA7-8490-66DE21195805}.Debug|Any CPU.ActiveCfg = Debug|Any CPU
		{EFDDAF4B-EC01-4EA7-8490-66DE21195805}.Debug|Any CPU.Build.0 = Debug|Any CPU
		{EFDDAF4B-EC01-4EA7-8490-66DE21195805}.Release|Any CPU.ActiveCfg = Release|Any CPU
		{EFDDAF4B-EC01-4EA7-8490-66DE21195805}.Release|Any CPU.Build.0 = Release|Any CPU
		{C35D411B-6705-4FEB-8CBB-EE8839458340}.Debug|Any CPU.ActiveCfg = Debug|Any CPU
		{C35D411B-6705-4FEB-8CBB-EE8839458340}.Debug|Any CPU.Build.0 = Debug|Any CPU
		{C35D411B-6705-4FEB-8CBB-EE8839458340}.Release|Any CPU.ActiveCfg = Release|Any CPU
		{C35D411B-6705-4FEB-8CBB-EE8839458340}.Release|Any CPU.Build.0 = Release|Any CPU
		{88766B40-BEA9-46F2-B29D-B65E970744F7}.Debug|Any CPU.ActiveCfg = Debug|Any CPU
		{88766B40-BEA9-46F2-B29D-B65E970744F7}.Debug|Any CPU.Build.0 = Debug|Any CPU
		{88766B40-BEA9-46F2-B29D-B65E970744F7}.Release|Any CPU.ActiveCfg = Release|Any CPU
		{88766B40-BEA9-46F2-B29D-B65E970744F7}.Release|Any CPU.Build.0 = Release|Any CPU
		{BD868BAC-7A9A-4146-9986-F6213EE8BF4B}.Debug|Any CPU.ActiveCfg = Debug|Any CPU
		{BD868BAC-7A9A-4146-9986-F6213EE8BF4B}.Debug|Any CPU.Build.0 = Debug|Any CPU
		{BD868BAC-7A9A-4146-9986-F6213EE8BF4B}.Release|Any CPU.ActiveCfg = Release|Any CPU
		{BD868BAC-7A9A-4146-9986-F6213EE8BF4B}.Release|Any CPU.Build.0 = Release|Any CPU
	EndGlobalSection
EndGlobal
